
Microsoft Visual Studio Solution File, Format Version 12.00
# Visual Studio Version 16
VisualStudioVersion = 16.0.29806.167
MinimumVisualStudioVersion = 10.0.40219.1
Project("{9A19103F-16F7-4668-BE54-9A1E7A4F7556}") = "Imobile", "Imobile\Imobile.csproj", "{E10E449E-6CEF-456C-9151-50F834412BD2}"
EndProject
Project("{FAE04EC0-301F-11D3-BF4B-00C04F79EFBC}") = "Imobile.Core", "Imobile.Core\Imobile.Core.csproj", "{410EF452-EC4B-4FA5-83D1-17B7AECA7818}"
EndProject
Global
	GlobalSection(SolutionConfigurationPlatforms) = preSolution
		Debug|Any CPU = Debug|Any CPU
		Release|Any CPU = Release|Any CPU
	EndGlobalSection
	GlobalSection(ProjectConfigurationPlatforms) = postSolution
		{E10E449E-6CEF-456C-9151-50F834412BD2}.Debug|Any CPU.ActiveCfg = Debug|Any CPU
		{E10E449E-6CEF-456C-9151-50F834412BD2}.Debug|Any CPU.Build.0 = Debug|Any CPU
		{E10E449E-6CEF-456C-9151-50F834412BD2}.Release|Any CPU.ActiveCfg = Release|Any CPU
		{E10E449E-6CEF-456C-9151-50F834412BD2}.Release|Any CPU.Build.0 = Release|Any CPU
		{410EF452-EC4B-4FA5-83D1-17B7AECA7818}.Debug|Any CPU.ActiveCfg = Debug|Any CPU
		{410EF452-EC4B-4FA5-83D1-17B7AECA7818}.Debug|Any CPU.Build.0 = Debug|Any CPU
		{410EF452-EC4B-4FA5-83D1-17B7AECA7818}.Release|Any CPU.ActiveCfg = Release|Any CPU
		{410EF452-EC4B-4FA5-83D1-17B7AECA7818}.Release|Any CPU.Build.0 = Release|Any CPU
	EndGlobalSection
	GlobalSection(SolutionProperties) = preSolution
		HideSolutionNode = FALSE
	EndGlobalSection
	GlobalSection(ExtensibilityGlobals) = postSolution
		SolutionGuid = {CDD1E4EB-20BD-48A4-9A3F-9F3B5F5710D1}
	EndGlobalSection
EndGlobal
